// !$*UTF8*$!
{
	archiveVersion = 1;
	classes = {
	};
	objectVersion = 46;
	objects = {

/* Begin PBXBuildFile section */
		4FDB48D61DC1F7EC00734E79 /* main.m in Sources */ = {isa = PBXBuildFile; fileRef = 4FDB48D51DC1F7EC00734E79 /* main.m */; };
		4FDB48D91DC1F7EC00734E79 /* AppDelegate.m in Sources */ = {isa = PBXBuildFile; fileRef = 4FDB48D81DC1F7EC00734E79 /* AppDelegate.m */; };
		4FDB48DC1DC1F7EC00734E79 /* ViewController.m in Sources */ = {isa = PBXBuildFile; fileRef = 4FDB48DB1DC1F7EC00734E79 /* ViewController.m */; };
		4FDB48DF1DC1F7EC00734E79 /* Main.storyboard in Resources */ = {isa = PBXBuildFile; fileRef = 4FDB48DD1DC1F7EC00734E79 /* Main.storyboard */; };
		4FDB48E11DC1F7EC00734E79 /* Assets.xcassets in Resources */ = {isa = PBXBuildFile; fileRef = 4FDB48E01DC1F7EC00734E79 /* Assets.xcassets */; };
		4FDB48E41DC1F7EC00734E79 /* LaunchScreen.storyboard in Resources */ = {isa = PBXBuildFile; fileRef = 4FDB48E21DC1F7EC00734E79 /* LaunchScreen.storyboard */; };
		4FDB48ED1DC1FE8000734E79 /* TemplateRender.m in Sources */ = {isa = PBXBuildFile; fileRef = 4FDB48EC1DC1FE8000734E79 /* TemplateRender.m */; };
		51B7C3CE8A4B9813DD59A3FC /* Pods_TemplateRender.framework in Frameworks */ = {isa = PBXBuildFile; fileRef = 848DCC5195C63A007A9B02E9 /* Pods_TemplateRender.framework */; };
/* End PBXBuildFile section */

/* Begin PBXFileReference section */
		4FDB48D11DC1F7EC00734E79 /* TemplateRender.app */ = {isa = PBXFileReference; explicitFileType = wrapper.application; includeInIndex = 0; path = TemplateRender.app; sourceTree = BUILT_PRODUCTS_DIR; };
		4FDB48D51DC1F7EC00734E79 /* main.m */ = {isa = PBXFileReference; lastKnownFileType = sourcecode.c.objc; path = main.m; sourceTree = "<group>"; };
		4FDB48D71DC1F7EC00734E79 /* AppDelegate.h */ = {isa = PBXFileReference; lastKnownFileType = sourcecode.c.h; path = AppDelegate.h; sourceTree = "<group>"; };
		4FDB48D81DC1F7EC00734E79 /* AppDelegate.m */ = {isa = PBXFileReference; lastKnownFileType = sourcecode.c.objc; path = AppDelegate.m; sourceTree = "<group>"; };
		4FDB48DA1DC1F7EC00734E79 /* ViewController.h */ = {isa = PBXFileReference; lastKnownFileType = sourcecode.c.h; path = ViewController.h; sourceTree = "<group>"; };
		4FDB48DB1DC1F7EC00734E79 /* ViewController.m */ = {isa = PBXFileReference; lastKnownFileType = sourcecode.c.objc; path = ViewController.m; sourceTree = "<group>"; };
		4FDB48DE1DC1F7EC00734E79 /* Base */ = {isa = PBXFileReference; lastKnownFileType = file.storyboard; name = Base; path = Base.lproj/Main.storyboard; sourceTree = "<group>"; };
		4FDB48E01DC1F7EC00734E79 /* Assets.xcassets */ = {isa = PBXFileReference; lastKnownFileType = folder.assetcatalog; path = Assets.xcassets; sourceTree = "<group>"; };
		4FDB48E31DC1F7EC00734E79 /* Base */ = {isa = PBXFileReference; lastKnownFileType = file.storyboard; name = Base; path = Base.lproj/LaunchScreen.storyboard; sourceTree = "<group>"; };
		4FDB48E51DC1F7EC00734E79 /* Info.plist */ = {isa = PBXFileReference; lastKnownFileType = text.plist.xml; path = Info.plist; sourceTree = "<group>"; };
		4FDB48EB1DC1FE8000734E79 /* TemplateRender.h */ = {isa = PBXFileReference; fileEncoding = 4; lastKnownFileType = sourcecode.c.h; path = TemplateRender.h; sourceTree = "<group>"; };
		4FDB48EC1DC1FE8000734E79 /* TemplateRender.m */ = {isa = PBXFileReference; fileEncoding = 4; lastKnownFileType = sourcecode.c.objc; path = TemplateRender.m; sourceTree = "<group>"; };
		848DCC5195C63A007A9B02E9 /* Pods_TemplateRender.framework */ = {isa = PBXFileReference; explicitFileType = wrapper.framework; includeInIndex = 0; path = Pods_TemplateRender.framework; sourceTree = BUILT_PRODUCTS_DIR; };
		A4CBD88A466F0AA541182702 /* Pods-TemplateRender.debug.xcconfig */ = {isa = PBXFileReference; includeInIndex = 1; lastKnownFileType = text.xcconfig; name = "Pods-TemplateRender.debug.xcconfig"; path = "Pods/Target Support Files/Pods-TemplateRender/Pods-TemplateRender.debug.xcconfig"; sourceTree = "<group>"; };
		D63AE225CD7CD4EE3101F362 /* Pods-TemplateRender.release.xcconfig */ = {isa = PBXFileReference; includeInIndex = 1; lastKnownFileType = text.xcconfig; name = "Pods-TemplateRender.release.xcconfig"; path = "Pods/Target Support Files/Pods-TemplateRender/Pods-TemplateRender.release.xcconfig"; sourceTree = "<group>"; };
/* End PBXFileReference section */

/* Begin PBXFrameworksBuildPhase section */
		4FDB48CE1DC1F7EC00734E79 /* Frameworks */ = {
			isa = PBXFrameworksBuildPhase;
			buildActionMask = 2147483647;
			files = (
				51B7C3CE8A4B9813DD59A3FC /* Pods_TemplateRender.framework in Frameworks */,
			);
			runOnlyForDeploymentPostprocessing = 0;
		};
/* End PBXFrameworksBuildPhase section */

/* Begin PBXGroup section */
		4FDB48C81DC1F7EC00734E79 = {
			isa = PBXGroup;
			children = (
				4FDB48D31DC1F7EC00734E79 /* TemplateRender */,
				4FDB48D21DC1F7EC00734E79 /* Products */,
				EA52DCC9B9C03E1C889D02FA /* Pods */,
				E7C11F2EEFF8974AEFC2C3D9 /* Frameworks */,
			);
			sourceTree = "<group>";
		};
		4FDB48D21DC1F7EC00734E79 /* Products */ = {
			isa = PBXGroup;
			children = (
				4FDB48D11DC1F7EC00734E79 /* TemplateRender.app */,
			);
			name = Products;
			sourceTree = "<group>";
		};
		4FDB48D31DC1F7EC00734E79 /* TemplateRender */ = {
			isa = PBXGroup;
			children = (
				4FDB48D71DC1F7EC00734E79 /* AppDelegate.h */,
				4FDB48D81DC1F7EC00734E79 /* AppDelegate.m */,
				4FDB48DA1DC1F7EC00734E79 /* ViewController.h */,
				4FDB48DB1DC1F7EC00734E79 /* ViewController.m */,
				4FDB48DD1DC1F7EC00734E79 /* Main.storyboard */,
				4FDB48E01DC1F7EC00734E79 /* Assets.xcassets */,
				4FDB48E21DC1F7EC00734E79 /* LaunchScreen.storyboard */,
				4FDB48E51DC1F7EC00734E79 /* Info.plist */,
				4FDB48D41DC1F7EC00734E79 /* Supporting Files */,
				4FDB48EB1DC1FE8000734E79 /* TemplateRender.h */,
				4FDB48EC1DC1FE8000734E79 /* TemplateRender.m */,
			);
			path = TemplateRender;
			sourceTree = "<group>";
		};
		4FDB48D41DC1F7EC00734E79 /* Supporting Files */ = {
			isa = PBXGroup;
			children = (
				4FDB48D51DC1F7EC00734E79 /* main.m */,
			);
			name = "Supporting Files";
			sourceTree = "<group>";
		};
		E7C11F2EEFF8974AEFC2C3D9 /* Frameworks */ = {
			isa = PBXGroup;
			children = (
				848DCC5195C63A007A9B02E9 /* Pods_TemplateRender.framework */,
			);
			name = Frameworks;
			sourceTree = "<group>";
		};
		EA52DCC9B9C03E1C889D02FA /* Pods */ = {
			isa = PBXGroup;
			children = (
				A4CBD88A466F0AA541182702 /* Pods-TemplateRender.debug.xcconfig */,
				D63AE225CD7CD4EE3101F362 /* Pods-TemplateRender.release.xcconfig */,
			);
			name = Pods;
			sourceTree = "<group>";
		};
/* End PBXGroup section */

/* Begin PBXNativeTarget section */
		4FDB48D01DC1F7EC00734E79 /* TemplateRender */ = {
			isa = PBXNativeTarget;
			buildConfigurationList = 4FDB48E81DC1F7EC00734E79 /* Build configuration list for PBXNativeTarget "TemplateRender" */;
			buildPhases = (
				27297F172CF16D78BD283577 /* [CP] Check Pods Manifest.lock */,
				4FDB48CD1DC1F7EC00734E79 /* Sources */,
				4FDB48CE1DC1F7EC00734E79 /* Frameworks */,
				4FDB48CF1DC1F7EC00734E79 /* Resources */,
				127E35060D8BF77BAF5425B0 /* [CP] Embed Pods Frameworks */,
				169A2FEE68DA6EF07CFF0F13 /* [CP] Copy Pods Resources */,
			);
			buildRules = (
			);
			dependencies = (
			);
			name = TemplateRender;
			productName = TemplateRender;
			productReference = 4FDB48D11DC1F7EC00734E79 /* TemplateRender.app */;
			productType = "com.apple.product-type.application";
		};
/* End PBXNativeTarget section */

/* Begin PBXProject section */
		4FDB48C91DC1F7EC00734E79 /* Project object */ = {
			isa = PBXProject;
			attributes = {
				LastUpgradeCheck = 0800;
				ORGANIZATIONNAME = "boyankov@yahoo.com";
				TargetAttributes = {
					4FDB48D01DC1F7EC00734E79 = {
						CreatedOnToolsVersion = 8.0;
						DevelopmentTeam = 7AQ4JC9B32;
						ProvisioningStyle = Automatic;
					};
				};
			};
			buildConfigurationList = 4FDB48CC1DC1F7EC00734E79 /* Build configuration list for PBXProject "TemplateRender" */;
			compatibilityVersion = "Xcode 3.2";
			developmentRegion = English;
			hasScannedForEncodings = 0;
			knownRegions = (
				en,
				Base,
			);
			mainGroup = 4FDB48C81DC1F7EC00734E79;
			productRefGroup = 4FDB48D21DC1F7EC00734E79 /* Products */;
			projectDirPath = "";
			projectRoot = "";
			targets = (
				4FDB48D01DC1F7EC00734E79 /* TemplateRender */,
			);
		};
/* End PBXProject section */

/* Begin PBXResourcesBuildPhase section */
		4FDB48CF1DC1F7EC00734E79 /* Resources */ = {
			isa = PBXResourcesBuildPhase;
			buildActionMask = 2147483647;
			files = (
				4FDB48E41DC1F7EC00734E79 /* LaunchScreen.storyboard in Resources */,
				4FDB48E11DC1F7EC00734E79 /* Assets.xcassets in Resources */,
				4FDB48DF1DC1F7EC00734E79 /* Main.storyboard in Resources */,
			);
			runOnlyForDeploymentPostprocessing = 0;
		};
/* End PBXResourcesBuildPhase section */

/* Begin PBXShellScriptBuildPhase section */
		127E35060D8BF77BAF5425B0 /* [CP] Embed Pods Frameworks */ = {
			isa = PBXShellScriptBuildPhase;
			buildActionMask = 2147483647;
			files = (
			);
			inputPaths = (
			);
			name = "[CP] Embed Pods Frameworks";
			outputPaths = (
			);
			runOnlyForDeploymentPostprocessing = 0;
			shellPath = /bin/sh;
			shellScript = "\"${SRCROOT}/Pods/Target Support Files/Pods-TemplateRender/Pods-TemplateRender-frameworks.sh\"\n";
			showEnvVarsInLog = 0;
		};
		169A2FEE68DA6EF07CFF0F13 /* [CP] Copy Pods Resources */ = {
			isa = PBXShellScriptBuildPhase;
			buildActionMask = 2147483647;
			files = (
			);
			inputPaths = (
			);
			name = "[CP] Copy Pods Resources";
			outputPaths = (
			);
			runOnlyForDeploymentPostprocessing = 0;
			shellPath = /bin/sh;
			shellScript = "\"${SRCROOT}/Pods/Target Support Files/Pods-TemplateRender/Pods-TemplateRender-resources.sh\"\n";
			showEnvVarsInLog = 0;
		};
		27297F172CF16D78BD283577 /* [CP] Check Pods Manifest.lock */ = {
			isa = PBXShellScriptBuildPhase;
			buildActionMask = 2147483647;
			files = (
			);
			inputPaths = (
			);
			name = "[CP] Check Pods Manifest.lock";
			outputPaths = (
			);
			runOnlyForDeploymentPostprocessing = 0;
			shellPath = /bin/sh;
			shellScript = "diff \"${PODS_ROOT}/../Podfile.lock\" \"${PODS_ROOT}/Manifest.lock\" > /dev/null\nif [ $? != 0 ] ; then\n    # print error to STDERR\n    echo \"error: The sandbox is not in sync with the Podfile.lock. Run 'pod install' or update your CocoaPods installation.\" >&2\n    exit 1\nfi\n";
			showEnvVarsInLog = 0;
		};
/* End PBXShellScriptBuildPhase section */

/* Begin PBXSourcesBuildPhase section */
		4FDB48CD1DC1F7EC00734E79 /* Sources */ = {
			isa = PBXSourcesBuildPhase;
			buildActionMask = 2147483647;
			files = (
				4FDB48DC1DC1F7EC00734E79 /* ViewController.m in Sources */,
				4FDB48D91DC1F7EC00734E79 /* AppDelegate.m in Sources */,
				4FDB48D61DC1F7EC00734E79 /* main.m in Sources */,
				4FDB48ED1DC1FE8000734E79 /* TemplateRender.m in Sources */,
			);
			runOnlyForDeploymentPostprocessing = 0;
		};
/* End PBXSourcesBuildPhase section */

/* Begin PBXVariantGroup section */
		4FDB48DD1DC1F7EC00734E79 /* Main.storyboard */ = {
			isa = PBXVariantGroup;
			children = (
				4FDB48DE1DC1F7EC00734E79 /* Base */,
			);
			name = Main.storyboard;
			sourceTree = "<group>";
		};
		4FDB48E21DC1F7EC00734E79 /* LaunchScreen.storyboard */ = {
			isa = PBXVariantGroup;
			children = (
				4FDB48E31DC1F7EC00734E79 /* Base */,
			);
			name = LaunchScreen.storyboard;
			sourceTree = "<group>";
		};
/* End PBXVariantGroup section */

/* Begin XCBuildConfiguration section */
		4FDB48E61DC1F7EC00734E79 /* Debug */ = {
			isa = XCBuildConfiguration;
			buildSettings = {
				ALWAYS_SEARCH_USER_PATHS = NO;
				CLANG_ANALYZER_NONNULL = YES;
				CLANG_CXX_LANGUAGE_STANDARD = "gnu++0x";
				CLANG_CXX_LIBRARY = "libc++";
				CLANG_ENABLE_MODULES = YES;
				CLANG_ENABLE_OBJC_ARC = YES;
				CLANG_WARN_BOOL_CONVERSION = YES;
				CLANG_WARN_CONSTANT_CONVERSION = YES;
				CLANG_WARN_DIRECT_OBJC_ISA_USAGE = YES_ERROR;
				CLANG_WARN_DOCUMENTATION_COMMENTS = YES;
				CLANG_WARN_EMPTY_BODY = YES;
				CLANG_WARN_ENUM_CONVERSION = YES;
				CLANG_WARN_INFINITE_RECURSION = YES;
				CLANG_WARN_INT_CONVERSION = YES;
				CLANG_WARN_OBJC_ROOT_CLASS = YES_ERROR;
				CLANG_WARN_SUSPICIOUS_MOVES = YES;
				CLANG_WARN_UNREACHABLE_CODE = YES;
				CLANG_WARN__DUPLICATE_METHOD_MATCH = YES;
				"CODE_SIGN_IDENTITY[sdk=iphoneos*]" = "iPhone Developer";
				COPY_PHASE_STRIP = NO;
				DEBUG_INFORMATION_FORMAT = dwarf;
				ENABLE_STRICT_OBJC_MSGSEND = YES;
				ENABLE_TESTABILITY = YES;
				GCC_C_LANGUAGE_STANDARD = gnu99;
				GCC_DYNAMIC_NO_PIC = NO;
				GCC_NO_COMMON_BLOCKS = YES;
				GCC_OPTIMIZATION_LEVEL = 0;
				GCC_PREPROCESSOR_DEFINITIONS = (
					"DEBUG=1",
					"$(inherited)",
				);
				GCC_WARN_64_TO_32_BIT_CONVERSION = YES;
				GCC_WARN_ABOUT_RETURN_TYPE = YES_ERROR;
				GCC_WARN_UNDECLARED_SELECTOR = YES;
				GCC_WARN_UNINITIALIZED_AUTOS = YES_AGGRESSIVE;
				GCC_WARN_UNUSED_FUNCTION = YES;
				GCC_WARN_UNUSED_VARIABLE = YES;
				IPHONEOS_DEPLOYMENT_TARGET = 10.0;
				MTL_ENABLE_DEBUG_INFO = YES;
				ONLY_ACTIVE_ARCH = YES;
				SDKROOT = iphoneos;
				TARGETED_DEVICE_FAMILY = "1,2";
			};
			name = Debug;
		};
		4FDB48E71DC1F7EC00734E79 /* Release */ = {
			isa = XCBuildConfiguration;
			buildSettings = {
				ALWAYS_SEARCH_USER_PATHS = NO;
				CLANG_ANALYZER_NONNULL = YES;
				CLANG_CXX_LANGUAGE_STANDARD = "gnu++0x";
				CLANG_CXX_LIBRARY = "libc++";
				CLANG_ENABLE_MODULES = YES;
				CLANG_ENABLE_OBJC_ARC = YES;
				CLANG_WARN_BOOL_CONVERSION = YES;
				CLANG_WARN_CONSTANT_CONVERSION = YES;
				CLANG_WARN_DIRECT_OBJC_ISA_USAGE = YES_ERROR;
				CLANG_WARN_DOCUMENTATION_COMMENTS = YES;
				CLANG_WARN_EMPTY_BODY = YES;
				CLANG_WARN_ENUM_CONVERSION = YES;
				CLANG_WARN_INFINITE_RECURSION = YES;
				CLANG_WARN_INT_CONVERSION = YES;
				CLANG_WARN_OBJC_ROOT_CLASS = YES_ERROR;
				CLANG_WARN_SUSPICIOUS_MOVES = YES;
				CLANG_WARN_UNREACHABLE_CODE = YES;
				CLANG_WARN__DUPLICATE_METHOD_MATCH = YES;
				"CODE_SIGN_IDENTITY[sdk=iphoneos*]" = "iPhone Developer";
				COPY_PHASE_STRIP = NO;
				DEBUG_INFORMATION_FORMAT = "dwarf-with-dsym";
				ENABLE_NS_ASSERTIONS = NO;
				ENABLE_STRICT_OBJC_MSGSEND = YES;
				GCC_C_LANGUAGE_STANDARD = gnu99;
				GCC_NO_COMMON_BLOCKS = YES;
				GCC_WARN_64_TO_32_BIT_CONVERSION = YES;
				GCC_WARN_ABOUT_RETURN_TYPE = YES_ERROR;
				GCC_WARN_UNDECLARED_SELECTOR = YES;
				GCC_WARN_UNINITIALIZED_AUTOS = YES_AGGRESSIVE;
				GCC_WARN_UNUSED_FUNCTION = YES;
				GCC_WARN_UNUSED_VARIABLE = YES;
				IPHONEOS_DEPLOYMENT_TARGET = 10.0;
				MTL_ENABLE_DEBUG_INFO = NO;
				SDKROOT = iphoneos;
				TARGETED_DEVICE_FAMILY = "1,2";
				VALIDATE_PRODUCT = YES;
			};
			name = Release;
		};
		4FDB48E91DC1F7EC00734E79 /* Debug */ = {
			isa = XCBuildConfiguration;
			baseConfigurationReference = A4CBD88A466F0AA541182702 /* Pods-TemplateRender.debug.xcconfig */;
			buildSettings = {
				ASSETCATALOG_COMPILER_APPICON_NAME = AppIcon;
				DEVELOPMENT_TEAM = 7AQ4JC9B32;
				INFOPLIST_FILE = TemplateRender/Info.plist;
				LD_RUNPATH_SEARCH_PATHS = "$(inherited) @executable_path/Frameworks";
				PRODUCT_BUNDLE_IDENTIFIER = com.yahoo.boyankov.TemplateRender;
				PRODUCT_NAME = "$(TARGET_NAME)";
			};
			name = Debug;
		};
		4FDB48EA1DC1F7EC00734E79 /* Release */ = {
			isa = XCBuildConfiguration;
			baseConfigurationReference = D63AE225CD7CD4EE3101F362 /* Pods-TemplateRender.release.xcconfig */;
			buildSettings = {
				ASSETCATALOG_COMPILER_APPICON_NAME = AppIcon;
				DEVELOPMENT_TEAM = 7AQ4JC9B32;
				INFOPLIST_FILE = TemplateRender/Info.plist;
				LD_RUNPATH_SEARCH_PATHS = "$(inherited) @executable_path/Frameworks";
				PRODUCT_BUNDLE_IDENTIFIER = com.yahoo.boyankov.TemplateRender;
				PRODUCT_NAME = "$(TARGET_NAME)";
			};
			name = Release;
		};
/* End XCBuildConfiguration section */

/* Begin XCConfigurationList section */
		4FDB48CC1DC1F7EC00734E79 /* Build configuration list for PBXProject "TemplateRender" */ = {
			isa = XCConfigurationList;
			buildConfigurations = (
				4FDB48E61DC1F7EC00734E79 /* Debug */,
				4FDB48E71DC1F7EC00734E79 /* Release */,
			);
			defaultConfigurationIsVisible = 0;
			defaultConfigurationName = Release;
		};
		4FDB48E81DC1F7EC00734E79 /* Build configuration list for PBXNativeTarget "TemplateRender" */ = {
			isa = XCConfigurationList;
			buildConfigurations = (
				4FDB48E91DC1F7EC00734E79 /* Debug */,
				4FDB48EA1DC1F7EC00734E79 /* Release */,
			);
			defaultConfigurationIsVisible = 0;
			defaultConfigurationName = Release;
		};
/* End XCConfigurationList section */
	};
	rootObject = 4FDB48C91DC1F7EC00734E79 /* Project object */;
}
